
Microsoft Visual Studio Solution File, Format Version 12.00
# Visual Studio Version 16
VisualStudioVersion = 16.0.32901.82
MinimumVisualStudioVersion = 10.0.40219.1
Project("{9A19103F-16F7-4668-BE54-9A1E7A4F7556}") = "API-Copa-do-Mundo-2022", "Desafio-Copa-do-Mundo-2022\API-Copa-do-Mundo-2022.csproj", "{38E81806-7D6F-497A-AB5D-C7D793388558}"
EndProject
Project("{FAE04EC0-301F-11D3-BF4B-00C04F79EFBC}") = "TestsAPI", "TestsAPI\TestsAPI.csproj", "{C3C30DC9-0B31-49E6-871A-8DFA1886F857}"
EndProject
Global
	GlobalSection(SolutionConfigurationPlatforms) = preSolution
		Debug|Any CPU = Debug|Any CPU
		Release|Any CPU = Release|Any CPU
	EndGlobalSection
	GlobalSection(ProjectConfigurationPlatforms) = postSolution
		{38E81806-7D6F-497A-AB5D-C7D793388558}.Debug|Any CPU.ActiveCfg = Debug|Any CPU
		{38E81806-7D6F-497A-AB5D-C7D793388558}.Debug|Any CPU.Build.0 = Debug|Any CPU
		{38E81806-7D6F-497A-AB5D-C7D793388558}.Release|Any CPU.ActiveCfg = Release|Any CPU
		{38E81806-7D6F-497A-AB5D-C7D793388558}.Release|Any CPU.Build.0 = Release|Any CPU
		{C3C30DC9-0B31-49E6-871A-8DFA1886F857}.Debug|Any CPU.ActiveCfg = Debug|Any CPU
		{C3C30DC9-0B31-49E6-871A-8DFA1886F857}.Debug|Any CPU.Build.0 = Debug|Any CPU
		{C3C30DC9-0B31-49E6-871A-8DFA1886F857}.Release|Any CPU.ActiveCfg = Release|Any CPU
		{C3C30DC9-0B31-49E6-871A-8DFA1886F857}.Release|Any CPU.Build.0 = Release|Any CPU
	EndGlobalSection
	GlobalSection(SolutionProperties) = preSolution
		HideSolutionNode = FALSE
	EndGlobalSection
	GlobalSection(ExtensibilityGlobals) = postSolution
		SolutionGuid = {AAA4EA36-7D05-411A-936D-BDB066889E55}
	EndGlobalSection
EndGlobal
